// !$*UTF8*$!
{
	archiveVersion = 1;
	classes = {
	};
	objectVersion = 56;
	objects = {

/* Begin PBXBuildFile section */
		97A12979299D406700475D3F /* FunctionsSwiftcourseApp.swift in Sources */ = {isa = PBXBuildFile; fileRef = 97A12978299D406700475D3F /* FunctionsSwiftcourseApp.swift */; };
		97A1297B299D406700475D3F /* ContentView.swift in Sources */ = {isa = PBXBuildFile; fileRef = 97A1297A299D406700475D3F /* ContentView.swift */; };
		97A1297D299D406900475D3F /* Assets.xcassets in Resources */ = {isa = PBXBuildFile; fileRef = 97A1297C299D406900475D3F /* Assets.xcassets */; };
		97A12980299D406900475D3F /* Preview Assets.xcassets in Resources */ = {isa = PBXBuildFile; fileRef = 97A1297F299D406900475D3F /* Preview Assets.xcassets */; };
		97A1298B299D406900475D3F /* FunctionsSwiftcourseTests.swift in Sources */ = {isa = PBXBuildFile; fileRef = 97A1298A299D406900475D3F /* FunctionsSwiftcourseTests.swift */; };
		97A12995299D406900475D3F /* FunctionsSwiftcourseUITests.swift in Sources */ = {isa = PBXBuildFile; fileRef = 97A12994299D406900475D3F /* FunctionsSwiftcourseUITests.swift */; };
		97A12997299D406900475D3F /* FunctionsSwiftcourseUITestsLaunchTests.swift in Sources */ = {isa = PBXBuildFile; fileRef = 97A12996299D406900475D3F /* FunctionsSwiftcourseUITestsLaunchTests.swift */; };
		97A129A4299D40A200475D3F /* SumFunction.swift in Sources */ = {isa = PBXBuildFile; fileRef = 97A129A3299D40A200475D3F /* SumFunction.swift */; };
		97A6D2A7299E43EC00ED2578 /* SumArray.swift in Sources */ = {isa = PBXBuildFile; fileRef = 97A6D2A6299E43EC00ED2578 /* SumArray.swift */; };
		97A6D2A9299E46C500ED2578 /* FuncReverse.swift in Sources */ = {isa = PBXBuildFile; fileRef = 97A6D2A8299E46C500ED2578 /* FuncReverse.swift */; };
		97A6D2AB299E4F1900ED2578 /* RemoveVowels.swift in Sources */ = {isa = PBXBuildFile; fileRef = 97A6D2AA299E4F1900ED2578 /* RemoveVowels.swift */; };
		97F7024A299E5842006F1B73 /* RemoveWordWithA.swift in Sources */ = {isa = PBXBuildFile; fileRef = 97F70249299E5842006F1B73 /* RemoveWordWithA.swift */; };
		97F7024C299E63A0006F1B73 /* RemoveOddInts.swift in Sources */ = {isa = PBXBuildFile; fileRef = 97F7024B299E63A0006F1B73 /* RemoveOddInts.swift */; };
		97F7024E299E70A6006F1B73 /* PalindromeWord.swift in Sources */ = {isa = PBXBuildFile; fileRef = 97F7024D299E70A6006F1B73 /* PalindromeWord.swift */; };
/* End PBXBuildFile section */

/* Begin PBXContainerItemProxy section */
		97A12987299D406900475D3F /* PBXContainerItemProxy */ = {
			isa = PBXContainerItemProxy;
			containerPortal = 97A1296D299D406700475D3F /* Project object */;
			proxyType = 1;
			remoteGlobalIDString = 97A12974299D406700475D3F;
			remoteInfo = FunctionsSwiftcourse;
		};
		97A12991299D406900475D3F /* PBXContainerItemProxy */ = {
			isa = PBXContainerItemProxy;
			containerPortal = 97A1296D299D406700475D3F /* Project object */;
			proxyType = 1;
			remoteGlobalIDString = 97A12974299D406700475D3F;
			remoteInfo = FunctionsSwiftcourse;
		};
/* End PBXContainerItemProxy section */

/* Begin PBXFileReference section */
		97A12975299D406700475D3F /* FunctionsSwiftcourse.app */ = {isa = PBXFileReference; explicitFileType = wrapper.application; includeInIndex = 0; path = FunctionsSwiftcourse.app; sourceTree = BUILT_PRODUCTS_DIR; };
		97A12978299D406700475D3F /* FunctionsSwiftcourseApp.swift */ = {isa = PBXFileReference; lastKnownFileType = sourcecode.swift; path = FunctionsSwiftcourseApp.swift; sourceTree = "<group>"; };
		97A1297A299D406700475D3F /* ContentView.swift */ = {isa = PBXFileReference; lastKnownFileType = sourcecode.swift; path = ContentView.swift; sourceTree = "<group>"; };
		97A1297C299D406900475D3F /* Assets.xcassets */ = {isa = PBXFileReference; lastKnownFileType = folder.assetcatalog; path = Assets.xcassets; sourceTree = "<group>"; };
		97A1297F299D406900475D3F /* Preview Assets.xcassets */ = {isa = PBXFileReference; lastKnownFileType = folder.assetcatalog; path = "Preview Assets.xcassets"; sourceTree = "<group>"; };
		97A12981299D406900475D3F /* FunctionsSwiftcourse.entitlements */ = {isa = PBXFileReference; lastKnownFileType = text.plist.entitlements; path = FunctionsSwiftcourse.entitlements; sourceTree = "<group>"; };
		97A12986299D406900475D3F /* FunctionsSwiftcourseTests.xctest */ = {isa = PBXFileReference; explicitFileType = wrapper.cfbundle; includeInIndex = 0; path = FunctionsSwiftcourseTests.xctest; sourceTree = BUILT_PRODUCTS_DIR; };
		97A1298A299D406900475D3F /* FunctionsSwiftcourseTests.swift */ = {isa = PBXFileReference; lastKnownFileType = sourcecode.swift; path = FunctionsSwiftcourseTests.swift; sourceTree = "<group>"; };
		97A12990299D406900475D3F /* FunctionsSwiftcourseUITests.xctest */ = {isa = PBXFileReference; explicitFileType = wrapper.cfbundle; includeInIndex = 0; path = FunctionsSwiftcourseUITests.xctest; sourceTree = BUILT_PRODUCTS_DIR; };
		97A12994299D406900475D3F /* FunctionsSwiftcourseUITests.swift */ = {isa = PBXFileReference; lastKnownFileType = sourcecode.swift; path = FunctionsSwiftcourseUITests.swift; sourceTree = "<group>"; };
		97A12996299D406900475D3F /* FunctionsSwiftcourseUITestsLaunchTests.swift */ = {isa = PBXFileReference; lastKnownFileType = sourcecode.swift; path = FunctionsSwiftcourseUITestsLaunchTests.swift; sourceTree = "<group>"; };
		97A129A3299D40A200475D3F /* SumFunction.swift */ = {isa = PBXFileReference; lastKnownFileType = sourcecode.swift; path = SumFunction.swift; sourceTree = "<group>"; };
		97A6D2A6299E43EC00ED2578 /* SumArray.swift */ = {isa = PBXFileReference; lastKnownFileType = sourcecode.swift; path = SumArray.swift; sourceTree = "<group>"; };
		97A6D2A8299E46C500ED2578 /* FuncReverse.swift */ = {isa = PBXFileReference; lastKnownFileType = sourcecode.swift; path = FuncReverse.swift; sourceTree = "<group>"; };
		97A6D2AA299E4F1900ED2578 /* RemoveVowels.swift */ = {isa = PBXFileReference; lastKnownFileType = sourcecode.swift; path = RemoveVowels.swift; sourceTree = "<group>"; };
		97F70249299E5842006F1B73 /* RemoveWordWithA.swift */ = {isa = PBXFileReference; lastKnownFileType = sourcecode.swift; path = RemoveWordWithA.swift; sourceTree = "<group>"; };
		97F7024B299E63A0006F1B73 /* RemoveOddInts.swift */ = {isa = PBXFileReference; lastKnownFileType = sourcecode.swift; path = RemoveOddInts.swift; sourceTree = "<group>"; };
		97F7024D299E70A6006F1B73 /* PalindromeWord.swift */ = {isa = PBXFileReference; lastKnownFileType = sourcecode.swift; path = PalindromeWord.swift; sourceTree = "<group>"; };
/* End PBXFileReference section */

/* Begin PBXFrameworksBuildPhase section */
		97A12972299D406700475D3F /* Frameworks */ = {
			isa = PBXFrameworksBuildPhase;
			buildActionMask = 2147483647;
			files = (
			);
			runOnlyForDeploymentPostprocessing = 0;
		};
		97A12983299D406900475D3F /* Frameworks */ = {
			isa = PBXFrameworksBuildPhase;
			buildActionMask = 2147483647;
			files = (
			);
			runOnlyForDeploymentPostprocessing = 0;
		};
		97A1298D299D406900475D3F /* Frameworks */ = {
			isa = PBXFrameworksBuildPhase;
			buildActionMask = 2147483647;
			files = (
			);
			runOnlyForDeploymentPostprocessing = 0;
		};
/* End PBXFrameworksBuildPhase section */

/* Begin PBXGroup section */
		97A1296C299D406700475D3F = {
			isa = PBXGroup;
			children = (
				97A12977299D406700475D3F /* FunctionsSwiftcourse */,
				97A12989299D406900475D3F /* FunctionsSwiftcourseTests */,
				97A12993299D406900475D3F /* FunctionsSwiftcourseUITests */,
				97A12976299D406700475D3F /* Products */,
			);
			sourceTree = "<group>";
		};
		97A12976299D406700475D3F /* Products */ = {
			isa = PBXGroup;
			children = (
				97A12975299D406700475D3F /* FunctionsSwiftcourse.app */,
				97A12986299D406900475D3F /* FunctionsSwiftcourseTests.xctest */,
				97A12990299D406900475D3F /* FunctionsSwiftcourseUITests.xctest */,
			);
			name = Products;
			sourceTree = "<group>";
		};
		97A12977299D406700475D3F /* FunctionsSwiftcourse */ = {
			isa = PBXGroup;
			children = (
				97A12978299D406700475D3F /* FunctionsSwiftcourseApp.swift */,
				97A1297A299D406700475D3F /* ContentView.swift */,
				97A1297C299D406900475D3F /* Assets.xcassets */,
				97A12981299D406900475D3F /* FunctionsSwiftcourse.entitlements */,
				97A1297E299D406900475D3F /* Preview Content */,
				97A129A3299D40A200475D3F /* SumFunction.swift */,
				97A6D2A6299E43EC00ED2578 /* SumArray.swift */,
				97A6D2A8299E46C500ED2578 /* FuncReverse.swift */,
				97A6D2AA299E4F1900ED2578 /* RemoveVowels.swift */,
				97F70249299E5842006F1B73 /* RemoveWordWithA.swift */,
				97F7024B299E63A0006F1B73 /* RemoveOddInts.swift */,
				97F7024D299E70A6006F1B73 /* PalindromeWord.swift */,
			);
			path = FunctionsSwiftcourse;
			sourceTree = "<group>";
		};
		97A1297E299D406900475D3F /* Preview Content */ = {
			isa = PBXGroup;
			children = (
				97A1297F299D406900475D3F /* Preview Assets.xcassets */,
			);
			path = "Preview Content";
			sourceTree = "<group>";
		};
		97A12989299D406900475D3F /* FunctionsSwiftcourseTests */ = {
			isa = PBXGroup;
			children = (
				97A1298A299D406900475D3F /* FunctionsSwiftcourseTests.swift */,
			);
			path = FunctionsSwiftcourseTests;
			sourceTree = "<group>";
		};
		97A12993299D406900475D3F /* FunctionsSwiftcourseUITests */ = {
			isa = PBXGroup;
			children = (
				97A12994299D406900475D3F /* FunctionsSwiftcourseUITests.swift */,
				97A12996299D406900475D3F /* FunctionsSwiftcourseUITestsLaunchTests.swift */,
			);
			path = FunctionsSwiftcourseUITests;
			sourceTree = "<group>";
		};
/* End PBXGroup section */

/* Begin PBXNativeTarget section */
		97A12974299D406700475D3F /* FunctionsSwiftcourse */ = {
			isa = PBXNativeTarget;
			buildConfigurationList = 97A1299A299D406900475D3F /* Build configuration list for PBXNativeTarget "FunctionsSwiftcourse" */;
			buildPhases = (
				97A12971299D406700475D3F /* Sources */,
				97A12972299D406700475D3F /* Frameworks */,
				97A12973299D406700475D3F /* Resources */,
			);
			buildRules = (
			);
			dependencies = (
			);
			name = FunctionsSwiftcourse;
			productName = FunctionsSwiftcourse;
			productReference = 97A12975299D406700475D3F /* FunctionsSwiftcourse.app */;
			productType = "com.apple.product-type.application";
		};
		97A12985299D406900475D3F /* FunctionsSwiftcourseTests */ = {
			isa = PBXNativeTarget;
			buildConfigurationList = 97A1299D299D406900475D3F /* Build configuration list for PBXNativeTarget "FunctionsSwiftcourseTests" */;
			buildPhases = (
				97A12982299D406900475D3F /* Sources */,
				97A12983299D406900475D3F /* Frameworks */,
				97A12984299D406900475D3F /* Resources */,
			);
			buildRules = (
			);
			dependencies = (
				97A12988299D406900475D3F /* PBXTargetDependency */,
			);
			name = FunctionsSwiftcourseTests;
			productName = FunctionsSwiftcourseTests;
			productReference = 97A12986299D406900475D3F /* FunctionsSwiftcourseTests.xctest */;
			productType = "com.apple.product-type.bundle.unit-test";
		};
		97A1298F299D406900475D3F /* FunctionsSwiftcourseUITests */ = {
			isa = PBXNativeTarget;
			buildConfigurationList = 97A129A0299D406900475D3F /* Build configuration list for PBXNativeTarget "FunctionsSwiftcourseUITests" */;
			buildPhases = (
				97A1298C299D406900475D3F /* Sources */,
				97A1298D299D406900475D3F /* Frameworks */,
				97A1298E299D406900475D3F /* Resources */,
			);
			buildRules = (
			);
			dependencies = (
				97A12992299D406900475D3F /* PBXTargetDependency */,
			);
			name = FunctionsSwiftcourseUITests;
			productName = FunctionsSwiftcourseUITests;
			productReference = 97A12990299D406900475D3F /* FunctionsSwiftcourseUITests.xctest */;
			productType = "com.apple.product-type.bundle.ui-testing";
		};
/* End PBXNativeTarget section */

/* Begin PBXProject section */
		97A1296D299D406700475D3F /* Project object */ = {
			isa = PBXProject;
			attributes = {
				BuildIndependentTargetsInParallel = 1;
				LastSwiftUpdateCheck = 1420;
				LastUpgradeCheck = 1420;
				TargetAttributes = {
					97A12974299D406700475D3F = {
						CreatedOnToolsVersion = 14.2;
					};
					97A12985299D406900475D3F = {
						CreatedOnToolsVersion = 14.2;
						TestTargetID = 97A12974299D406700475D3F;
					};
					97A1298F299D406900475D3F = {
						CreatedOnToolsVersion = 14.2;
						TestTargetID = 97A12974299D406700475D3F;
					};
				};
			};
			buildConfigurationList = 97A12970299D406700475D3F /* Build configuration list for PBXProject "FunctionsSwiftcourse" */;
			compatibilityVersion = "Xcode 14.0";
			developmentRegion = en;
			hasScannedForEncodings = 0;
			knownRegions = (
				en,
				Base,
			);
			mainGroup = 97A1296C299D406700475D3F;
			productRefGroup = 97A12976299D406700475D3F /* Products */;
			projectDirPath = "";
			projectRoot = "";
			targets = (
				97A12974299D406700475D3F /* FunctionsSwiftcourse */,
				97A12985299D406900475D3F /* FunctionsSwiftcourseTests */,
				97A1298F299D406900475D3F /* FunctionsSwiftcourseUITests */,
			);
		};
/* End PBXProject section */

/* Begin PBXResourcesBuildPhase section */
		97A12973299D406700475D3F /* Resources */ = {
			isa = PBXResourcesBuildPhase;
			buildActionMask = 2147483647;
			files = (
				97A12980299D406900475D3F /* Preview Assets.xcassets in Resources */,
				97A1297D299D406900475D3F /* Assets.xcassets in Resources */,
			);
			runOnlyForDeploymentPostprocessing = 0;
		};
		97A12984299D406900475D3F /* Resources */ = {
			isa = PBXResourcesBuildPhase;
			buildActionMask = 2147483647;
			files = (
			);
			runOnlyForDeploymentPostprocessing = 0;
		};
		97A1298E299D406900475D3F /* Resources */ = {
			isa = PBXResourcesBuildPhase;
			buildActionMask = 2147483647;
			files = (
			);
			runOnlyForDeploymentPostprocessing = 0;
		};
/* End PBXResourcesBuildPhase section */

/* Begin PBXSourcesBuildPhase section */
		97A12971299D406700475D3F /* Sources */ = {
			isa = PBXSourcesBuildPhase;
			buildActionMask = 2147483647;
			files = (
				97A6D2A9299E46C500ED2578 /* FuncReverse.swift in Sources */,
				97F7024C299E63A0006F1B73 /* RemoveOddInts.swift in Sources */,
				97A1297B299D406700475D3F /* ContentView.swift in Sources */,
				97A12979299D406700475D3F /* FunctionsSwiftcourseApp.swift in Sources */,
				97A6D2AB299E4F1900ED2578 /* RemoveVowels.swift in Sources */,
				97A6D2A7299E43EC00ED2578 /* SumArray.swift in Sources */,
				97A129A4299D40A200475D3F /* SumFunction.swift in Sources */,
				97F7024A299E5842006F1B73 /* RemoveWordWithA.swift in Sources */,
				97F7024E299E70A6006F1B73 /* PalindromeWord.swift in Sources */,
			);
			runOnlyForDeploymentPostprocessing = 0;
		};
		97A12982299D406900475D3F /* Sources */ = {
			isa = PBXSourcesBuildPhase;
			buildActionMask = 2147483647;
			files = (
				97A1298B299D406900475D3F /* FunctionsSwiftcourseTests.swift in Sources */,
			);
			runOnlyForDeploymentPostprocessing = 0;
		};
		97A1298C299D406900475D3F /* Sources */ = {
			isa = PBXSourcesBuildPhase;
			buildActionMask = 2147483647;
			files = (
				97A12995299D406900475D3F /* FunctionsSwiftcourseUITests.swift in Sources */,
				97A12997299D406900475D3F /* FunctionsSwiftcourseUITestsLaunchTests.swift in Sources */,
			);
			runOnlyForDeploymentPostprocessing = 0;
		};
/* End PBXSourcesBuildPhase section */

/* Begin PBXTargetDependency section */
		97A12988299D406900475D3F /* PBXTargetDependency */ = {
			isa = PBXTargetDependency;
			target = 97A12974299D406700475D3F /* FunctionsSwiftcourse */;
			targetProxy = 97A12987299D406900475D3F /* PBXContainerItemProxy */;
		};
		97A12992299D406900475D3F /* PBXTargetDependency */ = {
			isa = PBXTargetDependency;
			target = 97A12974299D406700475D3F /* FunctionsSwiftcourse */;
			targetProxy = 97A12991299D406900475D3F /* PBXContainerItemProxy */;
		};
/* End PBXTargetDependency section */

/* Begin XCBuildConfiguration section */
		97A12998299D406900475D3F /* Debug */ = {
			isa = XCBuildConfiguration;
			buildSettings = {
				ALWAYS_SEARCH_USER_PATHS = NO;
				CLANG_ANALYZER_NONNULL = YES;
				CLANG_ANALYZER_NUMBER_OBJECT_CONVERSION = YES_AGGRESSIVE;
				CLANG_CXX_LANGUAGE_STANDARD = "gnu++20";
				CLANG_ENABLE_MODULES = YES;
				CLANG_ENABLE_OBJC_ARC = YES;
				CLANG_ENABLE_OBJC_WEAK = YES;
				CLANG_WARN_BLOCK_CAPTURE_AUTORELEASING = YES;
				CLANG_WARN_BOOL_CONVERSION = YES;
				CLANG_WARN_COMMA = YES;
				CLANG_WARN_CONSTANT_CONVERSION = YES;
				CLANG_WARN_DEPRECATED_OBJC_IMPLEMENTATIONS = YES;
				CLANG_WARN_DIRECT_OBJC_ISA_USAGE = YES_ERROR;
				CLANG_WARN_DOCUMENTATION_COMMENTS = YES;
				CLANG_WARN_EMPTY_BODY = YES;
				CLANG_WARN_ENUM_CONVERSION = YES;
				CLANG_WARN_INFINITE_RECURSION = YES;
				CLANG_WARN_INT_CONVERSION = YES;
				CLANG_WARN_NON_LITERAL_NULL_CONVERSION = YES;
				CLANG_WARN_OBJC_IMPLICIT_RETAIN_SELF = YES;
				CLANG_WARN_OBJC_LITERAL_CONVERSION = YES;
				CLANG_WARN_OBJC_ROOT_CLASS = YES_ERROR;
				CLANG_WARN_QUOTED_INCLUDE_IN_FRAMEWORK_HEADER = YES;
				CLANG_WARN_RANGE_LOOP_ANALYSIS = YES;
				CLANG_WARN_STRICT_PROTOTYPES = YES;
				CLANG_WARN_SUSPICIOUS_MOVE = YES;
				CLANG_WARN_UNGUARDED_AVAILABILITY = YES_AGGRESSIVE;
				CLANG_WARN_UNREACHABLE_CODE = YES;
				CLANG_WARN__DUPLICATE_METHOD_MATCH = YES;
				COPY_PHASE_STRIP = NO;
				DEBUG_INFORMATION_FORMAT = dwarf;
				ENABLE_STRICT_OBJC_MSGSEND = YES;
				ENABLE_TESTABILITY = YES;
				GCC_C_LANGUAGE_STANDARD = gnu11;
				GCC_DYNAMIC_NO_PIC = NO;
				GCC_NO_COMMON_BLOCKS = YES;
				GCC_OPTIMIZATION_LEVEL = 0;
				GCC_PREPROCESSOR_DEFINITIONS = (
					"DEBUG=1",
					"$(inherited)",
				);
				GCC_WARN_64_TO_32_BIT_CONVERSION = YES;
				GCC_WARN_ABOUT_RETURN_TYPE = YES_ERROR;
				GCC_WARN_UNDECLARED_SELECTOR = YES;
				GCC_WARN_UNINITIALIZED_AUTOS = YES_AGGRESSIVE;
				GCC_WARN_UNUSED_FUNCTION = YES;
				GCC_WARN_UNUSED_VARIABLE = YES;
				MACOSX_DEPLOYMENT_TARGET = 13.1;
				MTL_ENABLE_DEBUG_INFO = INCLUDE_SOURCE;
				MTL_FAST_MATH = YES;
				ONLY_ACTIVE_ARCH = YES;
				SDKROOT = macosx;
				SWIFT_ACTIVE_COMPILATION_CONDITIONS = DEBUG;
				SWIFT_OPTIMIZATION_LEVEL = "-Onone";
			};
			name = Debug;
		};
		97A12999299D406900475D3F /* Release */ = {
			isa = XCBuildConfiguration;
			buildSettings = {
				ALWAYS_SEARCH_USER_PATHS = NO;
				CLANG_ANALYZER_NONNULL = YES;
				CLANG_ANALYZER_NUMBER_OBJECT_CONVERSION = YES_AGGRESSIVE;
				CLANG_CXX_LANGUAGE_STANDARD = "gnu++20";
				CLANG_ENABLE_MODULES = YES;
				CLANG_ENABLE_OBJC_ARC = YES;
				CLANG_ENABLE_OBJC_WEAK = YES;
				CLANG_WARN_BLOCK_CAPTURE_AUTORELEASING = YES;
				CLANG_WARN_BOOL_CONVERSION = YES;
				CLANG_WARN_COMMA = YES;
				CLANG_WARN_CONSTANT_CONVERSION = YES;
				CLANG_WARN_DEPRECATED_OBJC_IMPLEMENTATIONS = YES;
				CLANG_WARN_DIRECT_OBJC_ISA_USAGE = YES_ERROR;
				CLANG_WARN_DOCUMENTATION_COMMENTS = YES;
				CLANG_WARN_EMPTY_BODY = YES;
				CLANG_WARN_ENUM_CONVERSION = YES;
				CLANG_WARN_INFINITE_RECURSION = YES;
				CLANG_WARN_INT_CONVERSION = YES;
				CLANG_WARN_NON_LITERAL_NULL_CONVERSION = YES;
				CLANG_WARN_OBJC_IMPLICIT_RETAIN_SELF = YES;
				CLANG_WARN_OBJC_LITERAL_CONVERSION = YES;
				CLANG_WARN_OBJC_ROOT_CLASS = YES_ERROR;
				CLANG_WARN_QUOTED_INCLUDE_IN_FRAMEWORK_HEADER = YES;
				CLANG_WARN_RANGE_LOOP_ANALYSIS = YES;
				CLANG_WARN_STRICT_PROTOTYPES = YES;
				CLANG_WARN_SUSPICIOUS_MOVE = YES;
				CLANG_WARN_UNGUARDED_AVAILABILITY = YES_AGGRESSIVE;
				CLANG_WARN_UNREACHABLE_CODE = YES;
				CLANG_WARN__DUPLICATE_METHOD_MATCH = YES;
				COPY_PHASE_STRIP = NO;
				DEBUG_INFORMATION_FORMAT = "dwarf-with-dsym";
				ENABLE_NS_ASSERTIONS = NO;
				ENABLE_STRICT_OBJC_MSGSEND = YES;
				GCC_C_LANGUAGE_STANDARD = gnu11;
				GCC_NO_COMMON_BLOCKS = YES;
				GCC_WARN_64_TO_32_BIT_CONVERSION = YES;
				GCC_WARN_ABOUT_RETURN_TYPE = YES_ERROR;
				GCC_WARN_UNDECLARED_SELECTOR = YES;
				GCC_WARN_UNINITIALIZED_AUTOS = YES_AGGRESSIVE;
				GCC_WARN_UNUSED_FUNCTION = YES;
				GCC_WARN_UNUSED_VARIABLE = YES;
				MACOSX_DEPLOYMENT_TARGET = 13.1;
				MTL_ENABLE_DEBUG_INFO = NO;
				MTL_FAST_MATH = YES;
				SDKROOT = macosx;
				SWIFT_COMPILATION_MODE = wholemodule;
				SWIFT_OPTIMIZATION_LEVEL = "-O";
			};
			name = Release;
		};
		97A1299B299D406900475D3F /* Debug */ = {
			isa = XCBuildConfiguration;
			buildSettings = {
				ASSETCATALOG_COMPILER_APPICON_NAME = AppIcon;
				ASSETCATALOG_COMPILER_GLOBAL_ACCENT_COLOR_NAME = AccentColor;
				CODE_SIGN_ENTITLEMENTS = FunctionsSwiftcourse/FunctionsSwiftcourse.entitlements;
				CODE_SIGN_STYLE = Automatic;
				COMBINE_HIDPI_IMAGES = YES;
				CURRENT_PROJECT_VERSION = 1;
				DEVELOPMENT_ASSET_PATHS = "\"FunctionsSwiftcourse/Preview Content\"";
				ENABLE_PREVIEWS = YES;
				GENERATE_INFOPLIST_FILE = YES;
				INFOPLIST_KEY_NSHumanReadableCopyright = "";
				LD_RUNPATH_SEARCH_PATHS = (
					"$(inherited)",
					"@executable_path/../Frameworks",
				);
				MARKETING_VERSION = 1.0;
				PRODUCT_BUNDLE_IDENTIFIER = Thehappyprogrammer.FunctionsSwiftcourse;
				PRODUCT_NAME = "$(TARGET_NAME)";
				SWIFT_EMIT_LOC_STRINGS = YES;
				SWIFT_VERSION = 5.0;
			};
			name = Debug;
		};
		97A1299C299D406900475D3F /* Release */ = {
			isa = XCBuildConfiguration;
			buildSettings = {
				ASSETCATALOG_COMPILER_APPICON_NAME = AppIcon;
				ASSETCATALOG_COMPILER_GLOBAL_ACCENT_COLOR_NAME = AccentColor;
				CODE_SIGN_ENTITLEMENTS = FunctionsSwiftcourse/FunctionsSwiftcourse.entitlements;
				CODE_SIGN_STYLE = Automatic;
				COMBINE_HIDPI_IMAGES = YES;
				CURRENT_PROJECT_VERSION = 1;
				DEVELOPMENT_ASSET_PATHS = "\"FunctionsSwiftcourse/Preview Content\"";
				ENABLE_PREVIEWS = YES;
				GENERATE_INFOPLIST_FILE = YES;
				INFOPLIST_KEY_NSHumanReadableCopyright = "";
				LD_RUNPATH_SEARCH_PATHS = (
					"$(inherited)",
					"@executable_path/../Frameworks",
				);
				MARKETING_VERSION = 1.0;
				PRODUCT_BUNDLE_IDENTIFIER = Thehappyprogrammer.FunctionsSwiftcourse;
				PRODUCT_NAME = "$(TARGET_NAME)";
				SWIFT_EMIT_LOC_STRINGS = YES;
				SWIFT_VERSION = 5.0;
			};
			name = Release;
		};
		97A1299E299D406900475D3F /* Debug */ = {
			isa = XCBuildConfiguration;
			buildSettings = {
				ALWAYS_EMBED_SWIFT_STANDARD_LIBRARIES = YES;
				BUNDLE_LOADER = "$(TEST_HOST)";
				CODE_SIGN_STYLE = Automatic;
				CURRENT_PROJECT_VERSION = 1;
				GENERATE_INFOPLIST_FILE = YES;
				MACOSX_DEPLOYMENT_TARGET = 13.1;
				MARKETING_VERSION = 1.0;
				PRODUCT_BUNDLE_IDENTIFIER = Thehappyprogrammer.FunctionsSwiftcourseTests;
				PRODUCT_NAME = "$(TARGET_NAME)";
				SWIFT_EMIT_LOC_STRINGS = NO;
				SWIFT_VERSION = 5.0;
				TEST_HOST = "$(BUILT_PRODUCTS_DIR)/FunctionsSwiftcourse.app/$(BUNDLE_EXECUTABLE_FOLDER_PATH)/FunctionsSwiftcourse";
			};
			name = Debug;
		};
		97A1299F299D406900475D3F /* Release */ = {
			isa = XCBuildConfiguration;
			buildSettings = {
				ALWAYS_EMBED_SWIFT_STANDARD_LIBRARIES = YES;
				BUNDLE_LOADER = "$(TEST_HOST)";
				CODE_SIGN_STYLE = Automatic;
				CURRENT_PROJECT_VERSION = 1;
				GENERATE_INFOPLIST_FILE = YES;
				MACOSX_DEPLOYMENT_TARGET = 13.1;
				MARKETING_VERSION = 1.0;
				PRODUCT_BUNDLE_IDENTIFIER = Thehappyprogrammer.FunctionsSwiftcourseTests;
				PRODUCT_NAME = "$(TARGET_NAME)";
				SWIFT_EMIT_LOC_STRINGS = NO;
				SWIFT_VERSION = 5.0;
				TEST_HOST = "$(BUILT_PRODUCTS_DIR)/FunctionsSwiftcourse.app/$(BUNDLE_EXECUTABLE_FOLDER_PATH)/FunctionsSwiftcourse";
			};
			name = Release;
		};
		97A129A1299D406900475D3F /* Debug */ = {
			isa = XCBuildConfiguration;
			buildSettings = {
				ALWAYS_EMBED_SWIFT_STANDARD_LIBRARIES = YES;
				CODE_SIGN_STYLE = Automatic;
				CURRENT_PROJECT_VERSION = 1;
				GENERATE_INFOPLIST_FILE = YES;
				MARKETING_VERSION = 1.0;
				PRODUCT_BUNDLE_IDENTIFIER = Thehappyprogrammer.FunctionsSwiftcourseUITests;
				PRODUCT_NAME = "$(TARGET_NAME)";
				SWIFT_EMIT_LOC_STRINGS = NO;
				SWIFT_VERSION = 5.0;
				TEST_TARGET_NAME = FunctionsSwiftcourse;
			};
			name = Debug;
		};
		97A129A2299D406900475D3F /* Release */ = {
			isa = XCBuildConfiguration;
			buildSettings = {
				ALWAYS_EMBED_SWIFT_STANDARD_LIBRARIES = YES;
				CODE_SIGN_STYLE = Automatic;
				CURRENT_PROJECT_VERSION = 1;
				GENERATE_INFOPLIST_FILE = YES;
				MARKETING_VERSION = 1.0;
				PRODUCT_BUNDLE_IDENTIFIER = Thehappyprogrammer.FunctionsSwiftcourseUITests;
				PRODUCT_NAME = "$(TARGET_NAME)";
				SWIFT_EMIT_LOC_STRINGS = NO;
				SWIFT_VERSION = 5.0;
				TEST_TARGET_NAME = FunctionsSwiftcourse;
			};
			name = Release;
		};
/* End XCBuildConfiguration section */

/* Begin XCConfigurationList section */
		97A12970299D406700475D3F /* Build configuration list for PBXProject "FunctionsSwiftcourse" */ = {
			isa = XCConfigurationList;
			buildConfigurations = (
				97A12998299D406900475D3F /* Debug */,
				97A12999299D406900475D3F /* Release */,
			);
			defaultConfigurationIsVisible = 0;
			defaultConfigurationName = Release;
		};
		97A1299A299D406900475D3F /* Build configuration list for PBXNativeTarget "FunctionsSwiftcourse" */ = {
			isa = XCConfigurationList;
			buildConfigurations = (
				97A1299B299D406900475D3F /* Debug */,
				97A1299C299D406900475D3F /* Release */,
			);
			defaultConfigurationIsVisible = 0;
			defaultConfigurationName = Release;
		};
		97A1299D299D406900475D3F /* Build configuration list for PBXNativeTarget "FunctionsSwiftcourseTests" */ = {
			isa = XCConfigurationList;
			buildConfigurations = (
				97A1299E299D406900475D3F /* Debug */,
				97A1299F299D406900475D3F /* Release */,
			);
			defaultConfigurationIsVisible = 0;
			defaultConfigurationName = Release;
		};
		97A129A0299D406900475D3F /* Build configuration list for PBXNativeTarget "FunctionsSwiftcourseUITests" */ = {
			isa = XCConfigurationList;
			buildConfigurations = (
				97A129A1299D406900475D3F /* Debug */,
				97A129A2299D406900475D3F /* Release */,
			);
			defaultConfigurationIsVisible = 0;
			defaultConfigurationName = Release;
		};
/* End XCConfigurationList section */
	};
	rootObject = 97A1296D299D406700475D3F /* Project object */;
}
